
Microsoft Visual Studio Solution File, Format Version 12.00
# Visual Studio Version 16
VisualStudioVersion = 16.0.30413.136
MinimumVisualStudioVersion = 10.0.40219.1
Project("{FAE04EC0-301F-11D3-BF4B-00C04F79EFBC}") = "LMSWebAPI", "LMSWebAPI\LMSWebAPI.csproj", "{940246A9-EA96-4331-91FC-3714E3B4D9FA}"
EndProject
Global
	GlobalSection(SolutionConfigurationPlatforms) = preSolution
		Debug|Any CPU = Debug|Any CPU
		Release|Any CPU = Release|Any CPU
	EndGlobalSection
	GlobalSection(ProjectConfigurationPlatforms) = postSolution
		{940246A9-EA96-4331-91FC-3714E3B4D9FA}.Debug|Any CPU.ActiveCfg = Debug|Any CPU
		{940246A9-EA96-4331-91FC-3714E3B4D9FA}.Debug|Any CPU.Build.0 = Debug|Any CPU
		{940246A9-EA96-4331-91FC-3714E3B4D9FA}.Release|Any CPU.ActiveCfg = Release|Any CPU
		{940246A9-EA96-4331-91FC-3714E3B4D9FA}.Release|Any CPU.Build.0 = Release|Any CPU
	EndGlobalSection
	GlobalSection(SolutionProperties) = preSolution
		HideSolutionNode = FALSE
	EndGlobalSection
	GlobalSection(ExtensibilityGlobals) = postSolution
		SolutionGuid = {405BBC6C-D7E8-4636-9EE0-3E653E8399AC}
	EndGlobalSection
EndGlobal
